lockfileVersion: '6.0'

settings:
  autoInstallPeers: true
  excludeLinksFromLockfile: false

dependencies:
  '@nora-soderlund/jwks-rsa':
    specifier: ^3.1.0
    version: 3.1.0
  '@tsndr/cloudflare-worker-jwt':
    specifier: ^2.5.2
    version: 2.5.2

devDependencies:
  '@cloudflare/workers-types':
    specifier: ^4.20240222.0
    version: 4.20240222.0
  typescript:
    specifier: 5.4.2
    version: 5.4.2

packages:

  /@cloudflare/workers-types@4.20240222.0:
    resolution: {integrity: sha512-luO0BdK3rLlCv3B240+cTrfqm+XSbHtpk+88aJtGwzyVK9QF/Xz8lBgE/oZZLN8nCTmOvxAZnszyxUuZ8GP8Cg==}
    dev: true

  /@nora-soderlund/jwks-rsa@3.1.0:
    resolution: {integrity: sha512-aBgqBEzN+B5YeGr8ApFUOpMv6Pu+KbHe0QQE1Ste4PlCsFLCrrpvng+Qu7VV/LEoFtmNjEsFVuEueXe/xWN4ug==}
    engines: {node: '>=14'}
    dependencies:
      debug: 4.3.4
      jose: 4.15.5
      limiter: 1.1.5
      lru-memoizer: 2.2.0
    transitivePeerDependencies:
      - supports-color
    dev: false

  /@tsndr/cloudflare-worker-jwt@2.5.2:
    resolution: {integrity: sha512-i04TCTepgaqZCL9GJsNknkBphVOK8vspOl/HvAeVzpZ4aWiIzyrGwSUsoUnLxE60Oh70t5N1YIADQEaOdzFYgA==}
    dev: false

  /debug@4.3.4:
    resolution: {integrity: sha512-PRWFHuSU3eDtQJPvnNY7Jcket1j0t5OuOsFzPPzsekD52Zl8qUfFIPEiswXqIvHWGVHOgX+7G/vCNNhehwxfkQ==}
    engines: {node: '>=6.0'}
    peerDependencies:
      supports-color: '*'
    peerDependenciesMeta:
      supports-color:
        optional: true
    dependencies:
      ms: 2.1.2
    dev: false

  /jose@4.15.5:
    resolution: {integrity: sha512-jc7BFxgKPKi94uOvEmzlSWFFe2+vASyXaKUpdQKatWAESU2MWjDfFf0fdfc83CDKcA5QecabZeNLyfhe3yKNkg==}
    dev: false

  /limiter@1.1.5:
    resolution: {integrity: sha512-FWWMIEOxz3GwUI4Ts/IvgVy6LPvoMPgjMdQ185nN6psJyBJ4yOpzqm695/h5umdLJg2vW3GR5iG11MAkR2AzJA==}
    dev: false

  /lodash.clonedeep@4.5.0:
    resolution: {integrity: sha512-H5ZhCF25riFd9uB5UCkVKo61m3S/xZk1x4wA6yp/L3RFP6Z/eHH1ymQcGLo7J3GMPfm0V/7m1tryHuGVxpqEBQ==}
    dev: false

  /lru-cache@4.0.2:
    resolution: {integrity: sha512-uQw9OqphAGiZhkuPlpFGmdTU2tEuhxTourM/19qGJrxBPHAr/f8BT1a0i/lOclESnGatdJG/UCkP9kZB/Lh1iw==}
    dependencies:
      pseudomap: 1.0.2
      yallist: 2.1.2
    dev: false

  /lru-memoizer@2.2.0:
    resolution: {integrity: sha512-QfOZ6jNkxCcM/BkIPnFsqDhtrazLRsghi9mBwFAzol5GCvj4EkFT899Za3+QwikCg5sRX8JstioBDwOxEyzaNw==}
    dependencies:
      lodash.clonedeep: 4.5.0
      lru-cache: 4.0.2
    dev: false

  /ms@2.1.2:
    resolution: {integrity: sha512-sGkPx+VjMtmA6MX27oA4FBFELFCZZ4S4XqeGOXCv68tT+jb3vk/RyaKWP0PTKyWtmLSM0b+adUTEvbs1PEaH2w==}
    dev: false

  /pseudomap@1.0.2:
    resolution: {integrity: sha512-b/YwNhb8lk1Zz2+bXXpS/LK9OisiZZ1SNsSLxN1x2OXVEhW2Ckr/7mWE5vrC1ZTiJlD9g19jWszTmJsB+oEpFQ==}
    dev: false

  /typescript@5.4.2:
    resolution: {integrity: sha512-+2/g0Fds1ERlP6JsakQQDXjZdZMM+rqpamFZJEKh4kwTIn3iDkgKtby0CeNd5ATNZ4Ry1ax15TMx0W2V+miizQ==}
    engines: {node: '>=14.17'}
    hasBin: true
    dev: true

  /yallist@2.1.2:
    resolution: {integrity: sha512-ncTzHV7NvsQZkYe1DW7cbDLm0YpzHmZF5r/iyP3ZnQtMiJ+pjzisCiMNI+Sj+xQF5pXhSHxSB3uDbsBTzY/c2A==}
    dev: false
