lockfileVersion: '6.0'

settings:
  autoInstallPeers: true
  excludeLinksFromLockfile: false

dependencies:
  '@tsndr/cloudflare-worker-jwt':
    specifier: ^2.5.2
    version: 2.5.2

devDependencies:
  '@cloudflare/workers-types':
    specifier: ^4.20240222.0
    version: 4.20240222.0
  typescript:
    specifier: 5.4.2
    version: 5.4.2

packages:

  /@cloudflare/workers-types@4.20240222.0:
    resolution: {integrity: sha512-luO0BdK3rLlCv3B240+cTrfqm+XSbHtpk+88aJtGwzyVK9QF/Xz8lBgE/oZZLN8nCTmOvxAZnszyxUuZ8GP8Cg==}
    dev: true

  /@tsndr/cloudflare-worker-jwt@2.5.2:
    resolution: {integrity: sha512-i04TCTepgaqZCL9GJsNknkBphVOK8vspOl/HvAeVzpZ4aWiIzyrGwSUsoUnLxE60Oh70t5N1YIADQEaOdzFYgA==}
    dev: false

  /typescript@5.4.2:
    resolution: {integrity: sha512-+2/g0Fds1ERlP6JsakQQDXjZdZMM+rqpamFZJEKh4kwTIn3iDkgKtby0CeNd5ATNZ4Ry1ax15TMx0W2V+miizQ==}
    engines: {node: '>=14.17'}
    hasBin: true
    dev: true
